
Microsoft Visual Studio Solution File, Format Version 12.00
# Visual Studio Version 16
VisualStudioVersion = 16.0.31624.102
MinimumVisualStudioVersion = 10.0.40219.1
Project("{FAE04EC0-301F-11D3-BF4B-00C04F79EFBC}") = "TestApp", "TestApp\TestApp.csproj", "{2B476994-0BFA-4D17-A968-4A022CDFDF9D}"
EndProject
Project("{FAE04EC0-301F-11D3-BF4B-00C04F79EFBC}") = "WPF.ColorPicker", "WPF.ColorPicker\WPF.ColorPicker.csproj", "{5FBAEA1E-C156-4BF8-8F55-D91C9300E648}"
EndProject
Global
	GlobalSection(SolutionConfigurationPlatforms) = preSolution
		Debug|Any CPU = Debug|Any CPU
		Release|Any CPU = Release|Any CPU
	EndGlobalSection
	GlobalSection(ProjectConfigurationPlatforms) = postSolution
		{2B476994-0BFA-4D17-A968-4A022CDFDF9D}.Debug|Any CPU.ActiveCfg = Debug|Any CPU
		{2B476994-0BFA-4D17-A968-4A022CDFDF9D}.Debug|Any CPU.Build.0 = Debug|Any CPU
		{2B476994-0BFA-4D17-A968-4A022CDFDF9D}.Release|Any CPU.ActiveCfg = Release|Any CPU
		{2B476994-0BFA-4D17-A968-4A022CDFDF9D}.Release|Any CPU.Build.0 = Release|Any CPU
		{5FBAEA1E-C156-4BF8-8F55-D91C9300E648}.Debug|Any CPU.ActiveCfg = Debug|Any CPU
		{5FBAEA1E-C156-4BF8-8F55-D91C9300E648}.Debug|Any CPU.Build.0 = Debug|Any CPU
		{5FBAEA1E-C156-4BF8-8F55-D91C9300E648}.Release|Any CPU.ActiveCfg = Release|Any CPU
		{5FBAEA1E-C156-4BF8-8F55-D91C9300E648}.Release|Any CPU.Build.0 = Release|Any CPU
	EndGlobalSection
	GlobalSection(SolutionProperties) = preSolution
		HideSolutionNode = FALSE
	EndGlobalSection
	GlobalSection(ExtensibilityGlobals) = postSolution
		SolutionGuid = {52CC42E5-14F4-45C9-9590-DF64496BCF67}
	EndGlobalSection
EndGlobal
